
Microsoft Visual Studio Solution File, Format Version 12.00
# Visual Studio Version 16
VisualStudioVersion = 16.0.30413.136
MinimumVisualStudioVersion = 10.0.40219.1
Project("{FAE04EC0-301F-11D3-BF4B-00C04F79EFBC}") = "VKR_Pizza", "VKR_Pizza\VKR_Pizza.csproj", "{1F0887C1-4EE6-4877-BBB6-66A3AE081FEB}"
EndProject
Global
	GlobalSection(SolutionConfigurationPlatforms) = preSolution
		Debug|Any CPU = Debug|Any CPU
		Release|Any CPU = Release|Any CPU
	EndGlobalSection
	GlobalSection(ProjectConfigurationPlatforms) = postSolution
		{1F0887C1-4EE6-4877-BBB6-66A3AE081FEB}.Debug|Any CPU.ActiveCfg = Debug|Any CPU
		{1F0887C1-4EE6-4877-BBB6-66A3AE081FEB}.Debug|Any CPU.Build.0 = Debug|Any CPU
		{1F0887C1-4EE6-4877-BBB6-66A3AE081FEB}.Release|Any CPU.ActiveCfg = Release|Any CPU
		{1F0887C1-4EE6-4877-BBB6-66A3AE081FEB}.Release|Any CPU.Build.0 = Release|Any CPU
	EndGlobalSection
	GlobalSection(SolutionProperties) = preSolution
		HideSolutionNode = FALSE
	EndGlobalSection
	GlobalSection(ExtensibilityGlobals) = postSolution
		SolutionGuid = {FBDDA0FD-AF09-4919-8AC5-9123CB4F9CA1}
	EndGlobalSection
EndGlobal
